version = 1
revision = 1
requires-python = ">=3.11"

[[package]]
name = "dep"
version = "4.1.1"
source = { editable = "." }
dependencies = [
    { name = "pygments" },
]

[package.metadata]
requires-dist = [{ name = "pygments", specifier = "==2.19.0" }]

[[package]]
name = "pygments"
version = "2.19.0"
source = { registry = "https://pypi.org/simple" }
sdist = { url = "https://files.pythonhosted.org/packages/d3/c0/9c9832e5be227c40e1ce774d493065f83a91d6430baa7e372094e9683a45/pygments-2.19.0.tar.gz", hash = "sha256:afc4146269910d4bdfabcd27c24923137a74d562a23a320a41a55ad303e19783", size = 4967733 }
wheels = [
    { url = "https://files.pythonhosted.org/packages/20/dc/fde3e7ac4d279a331676829af4afafd113b34272393d73f610e8f0329221/pygments-2.19.0-py3-none-any.whl", hash = "sha256:4755e6e64d22161d5b61432c0600c923c5927214e7c956e31c23923c89251a9b", size = 1225305 },
]
