version = 1
requires-python = ">=3.12"

[[package]]
name = "bar"
version = "1.2.0"
source = { registry = "http://localhost:8000/payne_test_data" }
dependencies = [
    { name = "baz" },
]
sdist = { url = "http://localhost:8000/payne_test_data/bar/bar-1.2.0.tar.gz" }
wheels = [
    { url = "http://localhost:8000/payne_test_data/bar/bar-1.2.0-py3-none-any.whl" },
]

[[package]]
name = "baz"
version = "1.1.0"
source = { registry = "http://localhost:8000/payne_test_data" }
sdist = { url = "http://localhost:8000/payne_test_data/baz/baz-1.1.0.tar.gz" }
wheels = [
    { url = "http://localhost:8000/payne_test_data/baz/baz-1.1.0-py3-none-any.whl" },
]

[[package]]
name = "foo"
version = "1.3.0"
source = { editable = "." }
dependencies = [
    { name = "bar" },
]

[package.metadata]
requires-dist = [{ name = "bar", index = "http://localhost:8000/payne_test_data" }]
